
Microsoft Visual Studio Solution File, Format Version 12.00
# Visual Studio Version 17
VisualStudioVersion = 17.2.32616.157
MinimumVisualStudioVersion = 10.0.40219.1
Project("{F184B08F-C81C-45F6-A57F-5ABD9991F28F}") = "MathQuiz", "MathQuiz\MathQuiz.vbproj", "{E5A06D0A-4D57-4538-96F2-772DA8715BFE}"
EndProject
Global
	GlobalSection(SolutionConfigurationPlatforms) = preSolution
		Debug|Any CPU = Debug|Any CPU
		Release|Any CPU = Release|Any CPU
	EndGlobalSection
	GlobalSection(ProjectConfigurationPlatforms) = postSolution
		{E5A06D0A-4D57-4538-96F2-772DA8715BFE}.Debug|Any CPU.ActiveCfg = Debug|Any CPU
		{E5A06D0A-4D57-4538-96F2-772DA8715BFE}.Debug|Any CPU.Build.0 = Debug|Any CPU
		{E5A06D0A-4D57-4538-96F2-772DA8715BFE}.Release|Any CPU.ActiveCfg = Release|Any CPU
		{E5A06D0A-4D57-4538-96F2-772DA8715BFE}.Release|Any CPU.Build.0 = Release|Any CPU
	EndGlobalSection
	GlobalSection(SolutionProperties) = preSolution
		HideSolutionNode = FALSE
	EndGlobalSection
	GlobalSection(ExtensibilityGlobals) = postSolution
		SolutionGuid = {E93995E5-67CC-4415-83B4-B5920DAA2B7C}
	EndGlobalSection
EndGlobal
